// !$*UTF8*$!
{
	archiveVersion = 1;
	classes = {
	};
	objectVersion = 77;
	objects = {

/* Begin PBXBuildFile section */
		1F3721AA4DF2B2FEC1DFA76A /* TempoConfig.swift in Sources */ = {isa = PBXBuildFile; fileRef = 920350F52C3A47598B9112E0 /* TempoConfig.swift */; };
		49B37C06F993F4B839511044 /* woodblock_hit.mp3 in Resources */ = {isa = PBXBuildFile; fileRef = 34F52D4676F560F9263C58A9 /* woodblock_hit.mp3 */; };
		4B02779916F06F533ED1CD9E /* bell_hit.mp3 in Resources */ = {isa = PBXBuildFile; fileRef = BEF2EFFF41A7EC79621101E9 /* bell_hit.mp3 */; };
		4C7057EA210E25849E200D84 /* metronome_hit.mp3 in Resources */ = {isa = PBXBuildFile; fileRef = 5A95C6491F11AEAEF0A64C74 /* metronome_hit.mp3 */; };
		663C216A64A6A9D2F32BDFED /* SoundStylePicker.swift in Sources */ = {isa = PBXBuildFile; fileRef = F6C78CE4CB845A311D17B5F3 /* SoundStylePicker.swift */; };
		73DC8D9F87DFE0EE0D70B7DA /* ContentView.swift in Sources */ = {isa = PBXBuildFile; fileRef = 8A4C627ADBD548BE775273B7 /* ContentView.swift */; };
		7867F5E7E2FA7ECDB7B596B9 /* TempoEngine.swift in Sources */ = {isa = PBXBuildFile; fileRef = 5A0C6173965FE784286805FB /* TempoEngine.swift */; };
		81DB323528D755D67144D06C /* bell_back.mp3 in Resources */ = {isa = PBXBuildFile; fileRef = 3217C5E450219070EF4042F2 /* bell_back.mp3 */; };
		82BBEAD91CC2CC9537DD452D /* GearButton.swift in Sources */ = {isa = PBXBuildFile; fileRef = BB2F05621D075514446AA6CD /* GearButton.swift */; };
		93C257AFD95FC33034C489C3 /* GolfTempoTrainerApp.swift in Sources */ = {isa = PBXBuildFile; fileRef = C8CC187F2633A67B1B935BC6 /* GolfTempoTrainerApp.swift */; };
		9EB8C8CC36B3975890825543 /* ElevenLabsService.swift in Sources */ = {isa = PBXBuildFile; fileRef = 44F4CABF76D2B8E54F2455B3 /* ElevenLabsService.swift */; };
		9F7A0B3008982108D2FA358A /* beep_hit.mp3 in Resources */ = {isa = PBXBuildFile; fileRef = 5D2B207E6B71DEB221EAACBB /* beep_hit.mp3 */; };
		AA11BB22CC33DD44EE550001 /* PresetSheetView.swift in Sources */ = {isa = PBXBuildFile; fileRef = AA11BB22CC33DD44EE550002 /* PresetSheetView.swift */; };
		B102402E8A22CD2B0ABDFBB1 /* beep_back.mp3 in Resources */ = {isa = PBXBuildFile; fileRef = 8B209B9F80194ABB8C9765CE /* beep_back.mp3 */; };
		DC0FF5F54E7BD1B16F7FE534 /* BeatIndicatorView.swift in Sources */ = {isa = PBXBuildFile; fileRef = 39FB21CF88D4E46CB5C3E81B /* BeatIndicatorView.swift */; };
		E6F738779A5CAF84C38238D4 /* AudioCuePlayer.swift in Sources */ = {isa = PBXBuildFile; fileRef = 43EE9FD408E8B4DE84E4FEDA /* AudioCuePlayer.swift */; };
		EAAB4050097F1F71932CB9CB /* metronome_back.mp3 in Resources */ = {isa = PBXBuildFile; fileRef = 7D3CE119D3ACF968DC03072D /* metronome_back.mp3 */; };
		F4C0D9F0116D665E9C162934 /* woodblock_back.mp3 in Resources */ = {isa = PBXBuildFile; fileRef = 265374B04EB8B1CFB8743C57 /* woodblock_back.mp3 */; };
		FA6B78EC92413DF610ADB49D /* SoundStyle.swift in Sources */ = {isa = PBXBuildFile; fileRef = 57370E05402A58D9084F5DFE /* SoundStyle.swift */; };
/* End PBXBuildFile section */

/* Begin PBXFileReference section */
		265374B04EB8B1CFB8743C57 /* woodblock_back.mp3 */ = {isa = PBXFileReference; lastKnownFileType = audio.mp3; path = woodblock_back.mp3; sourceTree = "<group>"; };
		3217C5E450219070EF4042F2 /* bell_back.mp3 */ = {isa = PBXFileReference; lastKnownFileType = audio.mp3; path = bell_back.mp3; sourceTree = "<group>"; };
		34F52D4676F560F9263C58A9 /* woodblock_hit.mp3 */ = {isa = PBXFileReference; lastKnownFileType = audio.mp3; path = woodblock_hit.mp3; sourceTree = "<group>"; };
		39FB21CF88D4E46CB5C3E81B /* BeatIndicatorView.swift */ = {isa = PBXFileReference; lastKnownFileType = sourcecode.swift; path = BeatIndicatorView.swift; sourceTree = "<group>"; };
		43EE9FD408E8B4DE84E4FEDA /* AudioCuePlayer.swift */ = {isa = PBXFileReference; lastKnownFileType = sourcecode.swift; path = AudioCuePlayer.swift; sourceTree = "<group>"; };
		44F4CABF76D2B8E54F2455B3 /* ElevenLabsService.swift */ = {isa = PBXFileReference; lastKnownFileType = sourcecode.swift; path = ElevenLabsService.swift; sourceTree = "<group>"; };
		57370E05402A58D9084F5DFE /* SoundStyle.swift */ = {isa = PBXFileReference; lastKnownFileType = sourcecode.swift; path = SoundStyle.swift; sourceTree = "<group>"; };
		5A0C6173965FE784286805FB /* TempoEngine.swift */ = {isa = PBXFileReference; lastKnownFileType = sourcecode.swift; path = TempoEngine.swift; sourceTree = "<group>"; };
		5A95C6491F11AEAEF0A64C74 /* metronome_hit.mp3 */ = {isa = PBXFileReference; lastKnownFileType = audio.mp3; path = metronome_hit.mp3; sourceTree = "<group>"; };
		5D2B207E6B71DEB221EAACBB /* beep_hit.mp3 */ = {isa = PBXFileReference; lastKnownFileType = audio.mp3; path = beep_hit.mp3; sourceTree = "<group>"; };
		7D3CE119D3ACF968DC03072D /* metronome_back.mp3 */ = {isa = PBXFileReference; lastKnownFileType = audio.mp3; path = metronome_back.mp3; sourceTree = "<group>"; };
		8A4C627ADBD548BE775273B7 /* ContentView.swift */ = {isa = PBXFileReference; lastKnownFileType = sourcecode.swift; path = ContentView.swift; sourceTree = "<group>"; };
		8B209B9F80194ABB8C9765CE /* beep_back.mp3 */ = {isa = PBXFileReference; lastKnownFileType = audio.mp3; path = beep_back.mp3; sourceTree = "<group>"; };
		920350F52C3A47598B9112E0 /* TempoConfig.swift */ = {isa = PBXFileReference; lastKnownFileType = sourcecode.swift; path = TempoConfig.swift; sourceTree = "<group>"; };
		AA11BB22CC33DD44EE550002 /* PresetSheetView.swift */ = {isa = PBXFileReference; lastKnownFileType = sourcecode.swift; path = PresetSheetView.swift; sourceTree = "<group>"; };
		B3966E54B94DA1419AD45334 /* GolfTempoTrainer.app */ = {isa = PBXFileReference; explicitFileType = wrapper.application; includeInIndex = 0; path = GolfTempoTrainer.app; sourceTree = BUILT_PRODUCTS_DIR; };
		BB2F05621D075514446AA6CD /* GearButton.swift */ = {isa = PBXFileReference; lastKnownFileType = sourcecode.swift; path = GearButton.swift; sourceTree = "<group>"; };
		BEF2EFFF41A7EC79621101E9 /* bell_hit.mp3 */ = {isa = PBXFileReference; lastKnownFileType = audio.mp3; path = bell_hit.mp3; sourceTree = "<group>"; };
		C8CC187F2633A67B1B935BC6 /* GolfTempoTrainerApp.swift */ = {isa = PBXFileReference; lastKnownFileType = sourcecode.swift; path = GolfTempoTrainerApp.swift; sourceTree = "<group>"; };
		DDA123FF120A07F6E0A84E68 /* Info.plist */ = {isa = PBXFileReference; lastKnownFileType = text.plist; path = Info.plist; sourceTree = "<group>"; };
		F6C78CE4CB845A311D17B5F3 /* SoundStylePicker.swift */ = {isa = PBXFileReference; lastKnownFileType = sourcecode.swift; path = SoundStylePicker.swift; sourceTree = "<group>"; };
/* End PBXFileReference section */

/* Begin PBXGroup section */
		007E2498FCD690A7075F0633 /* Audio */ = {
			isa = PBXGroup;
			children = (
				8B209B9F80194ABB8C9765CE /* beep_back.mp3 */,
				5D2B207E6B71DEB221EAACBB /* beep_hit.mp3 */,
				3217C5E450219070EF4042F2 /* bell_back.mp3 */,
				BEF2EFFF41A7EC79621101E9 /* bell_hit.mp3 */,
				7D3CE119D3ACF968DC03072D /* metronome_back.mp3 */,
				5A95C6491F11AEAEF0A64C74 /* metronome_hit.mp3 */,
				265374B04EB8B1CFB8743C57 /* woodblock_back.mp3 */,
				34F52D4676F560F9263C58A9 /* woodblock_hit.mp3 */,
			);
			path = Audio;
			sourceTree = "<group>";
		};
		486EEC01FDA4AC6DB1072D09 = {
			isa = PBXGroup;
			children = (
				C6C403A39BD84F9461F48C76 /* GolfTempoTrainer */,
				532D26618CBA964647233702 /* Products */,
			);
			sourceTree = "<group>";
		};
		49311593589CF73E7E2DEF40 /* Views */ = {
			isa = PBXGroup;
			children = (
				39FB21CF88D4E46CB5C3E81B /* BeatIndicatorView.swift */,
				8A4C627ADBD548BE775273B7 /* ContentView.swift */,
				BB2F05621D075514446AA6CD /* GearButton.swift */,
				AA11BB22CC33DD44EE550002 /* PresetSheetView.swift */,
				F6C78CE4CB845A311D17B5F3 /* SoundStylePicker.swift */,
			);
			path = Views;
			sourceTree = "<group>";
		};
		532D26618CBA964647233702 /* Products */ = {
			isa = PBXGroup;
			children = (
				B3966E54B94DA1419AD45334 /* GolfTempoTrainer.app */,
			);
			name = Products;
			sourceTree = "<group>";
		};
		60FD078E4EC05BE11DB17C20 /* Resources */ = {
			isa = PBXGroup;
			children = (
				007E2498FCD690A7075F0633 /* Audio */,
			);
			path = Resources;
			sourceTree = "<group>";
		};
		615C62033302FC86CC6DE360 /* Audio */ = {
			isa = PBXGroup;
			children = (
				43EE9FD408E8B4DE84E4FEDA /* AudioCuePlayer.swift */,
				5A0C6173965FE784286805FB /* TempoEngine.swift */,
			);
			path = Audio;
			sourceTree = "<group>";
		};
		6502267BCCA0C3FD75637470 /* Services */ = {
			isa = PBXGroup;
			children = (
				44F4CABF76D2B8E54F2455B3 /* ElevenLabsService.swift */,
			);
			path = Services;
			sourceTree = "<group>";
		};
		BFF45ACEDF2799E20EBD06B0 /* Models */ = {
			isa = PBXGroup;
			children = (
				57370E05402A58D9084F5DFE /* SoundStyle.swift */,
				920350F52C3A47598B9112E0 /* TempoConfig.swift */,
			);
			path = Models;
			sourceTree = "<group>";
		};
		C6C403A39BD84F9461F48C76 /* GolfTempoTrainer */ = {
			isa = PBXGroup;
			children = (
				C8CC187F2633A67B1B935BC6 /* GolfTempoTrainerApp.swift */,
				DDA123FF120A07F6E0A84E68 /* Info.plist */,
				615C62033302FC86CC6DE360 /* Audio */,
				BFF45ACEDF2799E20EBD06B0 /* Models */,
				60FD078E4EC05BE11DB17C20 /* Resources */,
				6502267BCCA0C3FD75637470 /* Services */,
				49311593589CF73E7E2DEF40 /* Views */,
			);
			path = GolfTempoTrainer;
			sourceTree = "<group>";
		};
/* End PBXGroup section */

/* Begin PBXNativeTarget section */
		DB16DE6BC24115CDEA06FC22 /* GolfTempoTrainer */ = {
			isa = PBXNativeTarget;
			buildConfigurationList = FFC641717205DED9EBCF5160 /* Build configuration list for PBXNativeTarget "GolfTempoTrainer" */;
			buildPhases = (
				C344B41AC61914EA82E6A766 /* Sources */,
				6E7684B4AC52331841D6BD7D /* Resources */,
			);
			buildRules = (
			);
			dependencies = (
			);
			name = GolfTempoTrainer;
			packageProductDependencies = (
			);
			productName = GolfTempoTrainer;
			productReference = B3966E54B94DA1419AD45334 /* GolfTempoTrainer.app */;
			productType = "com.apple.product-type.application";
		};
/* End PBXNativeTarget section */

/* Begin PBXProject section */
		10F7FB59B4D56F21FF23FD50 /* Project object */ = {
			isa = PBXProject;
			attributes = {
				BuildIndependentTargetsInParallel = YES;
				LastUpgradeCheck = 2650;
			};
			buildConfigurationList = 6D6E16A9AFC44E88B95DEA4F /* Build configuration list for PBXProject "GolfTempoTrainer" */;
			developmentRegion = en;
			hasScannedForEncodings = 0;
			knownRegions = (
				Base,
				en,
			);
			mainGroup = 486EEC01FDA4AC6DB1072D09;
			minimizedProjectReferenceProxies = 1;
			preferredProjectObjectVersion = 77;
			productRefGroup = 532D26618CBA964647233702 /* Products */;
			projectDirPath = "";
			projectRoot = "";
			targets = (
				DB16DE6BC24115CDEA06FC22 /* GolfTempoTrainer */,
			);
		};
/* End PBXProject section */

/* Begin PBXResourcesBuildPhase section */
		6E7684B4AC52331841D6BD7D /* Resources */ = {
			isa = PBXResourcesBuildPhase;
			buildActionMask = 2147483647;
			files = (
				B102402E8A22CD2B0ABDFBB1 /* beep_back.mp3 in Resources */,
				9F7A0B3008982108D2FA358A /* beep_hit.mp3 in Resources */,
				81DB323528D755D67144D06C /* bell_back.mp3 in Resources */,
				4B02779916F06F533ED1CD9E /* bell_hit.mp3 in Resources */,
				EAAB4050097F1F71932CB9CB /* metronome_back.mp3 in Resources */,
				4C7057EA210E25849E200D84 /* metronome_hit.mp3 in Resources */,
				F4C0D9F0116D665E9C162934 /* woodblock_back.mp3 in Resources */,
				49B37C06F993F4B839511044 /* woodblock_hit.mp3 in Resources */,
			);
			runOnlyForDeploymentPostprocessing = 0;
		};
/* End PBXResourcesBuildPhase section */

/* Begin PBXSourcesBuildPhase section */
		C344B41AC61914EA82E6A766 /* Sources */ = {
			isa = PBXSourcesBuildPhase;
			buildActionMask = 2147483647;
			files = (
				E6F738779A5CAF84C38238D4 /* AudioCuePlayer.swift in Sources */,
				DC0FF5F54E7BD1B16F7FE534 /* BeatIndicatorView.swift in Sources */,
				73DC8D9F87DFE0EE0D70B7DA /* ContentView.swift in Sources */,
				9EB8C8CC36B3975890825543 /* ElevenLabsService.swift in Sources */,
				82BBEAD91CC2CC9537DD452D /* GearButton.swift in Sources */,
				93C257AFD95FC33034C489C3 /* GolfTempoTrainerApp.swift in Sources */,
				FA6B78EC92413DF610ADB49D /* SoundStyle.swift in Sources */,
				663C216A64A6A9D2F32BDFED /* SoundStylePicker.swift in Sources */,
				AA11BB22CC33DD44EE550001 /* PresetSheetView.swift in Sources */,
				1F3721AA4DF2B2FEC1DFA76A /* TempoConfig.swift in Sources */,
				7867F5E7E2FA7ECDB7B596B9 /* TempoEngine.swift in Sources */,
			);
			runOnlyForDeploymentPostprocessing = 0;
		};
/* End PBXSourcesBuildPhase section */

/* Begin XCBuildConfiguration section */
		57A3CAF31F526720827988AF /* Release */ = {
			isa = XCBuildConfiguration;
			buildSettings = {
				ASSETCATALOG_COMPILER_APPICON_NAME = AppIcon;
				CODE_SIGN_IDENTITY = "iPhone Developer";
				INFOPLIST_FILE = GolfTempoTrainer/Info.plist;
				LD_RUNPATH_SEARCH_PATHS = (
					"$(inherited)",
					"@executable_path/Frameworks",
				);
				SDKROOT = iphoneos;
				TARGETED_DEVICE_FAMILY = "1,2";
			};
			name = Release;
		};
		796A32CE660EAC3B8B69BD9A /* Release */ = {
			isa = XCBuildConfiguration;
			buildSettings = {
				ALWAYS_SEARCH_USER_PATHS = NO;
				CLANG_ANALYZER_NONNULL = YES;
				CLANG_ANALYZER_NUMBER_OBJECT_CONVERSION = YES_AGGRESSIVE;
				CLANG_CXX_LANGUAGE_STANDARD = "gnu++14";
				CLANG_CXX_LIBRARY = "libc++";
				CLANG_ENABLE_MODULES = YES;
				CLANG_ENABLE_OBJC_ARC = YES;
				CLANG_ENABLE_OBJC_WEAK = YES;
				CLANG_WARN_BLOCK_CAPTURE_AUTORELEASING = YES;
				CLANG_WARN_BOOL_CONVERSION = YES;
				CLANG_WARN_COMMA = YES;
				CLANG_WARN_CONSTANT_CONVERSION = YES;
				CLANG_WARN_DEPRECATED_OBJC_IMPLEMENTATIONS = YES;
				CLANG_WARN_DIRECT_OBJC_ISA_USAGE = YES_ERROR;
				CLANG_WARN_DOCUMENTATION_COMMENTS = YES;
				CLANG_WARN_EMPTY_BODY = YES;
				CLANG_WARN_ENUM_CONVERSION = YES;
				CLANG_WARN_INFINITE_RECURSION = YES;
				CLANG_WARN_INT_CONVERSION = YES;
				CLANG_WARN_NON_LITERAL_NULL_CONVERSION = YES;
				CLANG_WARN_OBJC_IMPLICIT_RETAIN_SELF = YES;
				CLANG_WARN_OBJC_LITERAL_CONVERSION = YES;
				CLANG_WARN_OBJC_ROOT_CLASS = YES_ERROR;
				CLANG_WARN_QUOTED_INCLUDE_IN_FRAMEWORK_HEADER = YES;
				CLANG_WARN_RANGE_LOOP_ANALYSIS = YES;
				CLANG_WARN_STRICT_PROTOTYPES = YES;
				CLANG_WARN_SUSPICIOUS_MOVE = YES;
				CLANG_WARN_UNGUARDED_AVAILABILITY = YES_AGGRESSIVE;
				CLANG_WARN_UNREACHABLE_CODE = YES;
				CLANG_WARN__DUPLICATE_METHOD_MATCH = YES;
				COPY_PHASE_STRIP = NO;
				CURRENT_PROJECT_VERSION = 1;
				DEBUG_INFORMATION_FORMAT = "dwarf-with-dsym";
				DEVELOPMENT_TEAM = 7LWX39YY5Y;
				ENABLE_NS_ASSERTIONS = NO;
				ENABLE_STRICT_OBJC_MSGSEND = YES;
				ENABLE_USER_SCRIPT_SANDBOXING = YES;
				GCC_C_LANGUAGE_STANDARD = gnu11;
				GCC_NO_COMMON_BLOCKS = YES;
				GCC_WARN_64_TO_32_BIT_CONVERSION = YES;
				GCC_WARN_ABOUT_RETURN_TYPE = YES_ERROR;
				GCC_WARN_UNDECLARED_SELECTOR = YES;
				GCC_WARN_UNINITIALIZED_AUTOS = YES_AGGRESSIVE;
				GCC_WARN_UNUSED_FUNCTION = YES;
				GCC_WARN_UNUSED_VARIABLE = YES;
				IPHONEOS_DEPLOYMENT_TARGET = 16.0;
				MARKETING_VERSION = 1.0.0;
				MTL_ENABLE_DEBUG_INFO = NO;
				MTL_FAST_MATH = YES;
				PRODUCT_BUNDLE_IDENTIFIER = com.p55t.GolfTempoTrainer;
				PRODUCT_NAME = "$(TARGET_NAME)";
				SDKROOT = iphoneos;
				STRING_CATALOG_GENERATE_SYMBOLS = YES;
				SWIFT_COMPILATION_MODE = wholemodule;
				SWIFT_OPTIMIZATION_LEVEL = "-O";
				SWIFT_VERSION = 5.9;
			};
			name = Release;
		};
		993EBB41373E49E633EFF796 /* Debug */ = {
			isa = XCBuildConfiguration;
			buildSettings = {
				ALWAYS_SEARCH_USER_PATHS = NO;
				CLANG_ANALYZER_NONNULL = YES;
				CLANG_ANALYZER_NUMBER_OBJECT_CONVERSION = YES_AGGRESSIVE;
				CLANG_CXX_LANGUAGE_STANDARD = "gnu++14";
				CLANG_CXX_LIBRARY = "libc++";
				CLANG_ENABLE_MODULES = YES;
				CLANG_ENABLE_OBJC_ARC = YES;
				CLANG_ENABLE_OBJC_WEAK = YES;
				CLANG_WARN_BLOCK_CAPTURE_AUTORELEASING = YES;
				CLANG_WARN_BOOL_CONVERSION = YES;
				CLANG_WARN_COMMA = YES;
				CLANG_WARN_CONSTANT_CONVERSION = YES;
				CLANG_WARN_DEPRECATED_OBJC_IMPLEMENTATIONS = YES;
				CLANG_WARN_DIRECT_OBJC_ISA_USAGE = YES_ERROR;
				CLANG_WARN_DOCUMENTATION_COMMENTS = YES;
				CLANG_WARN_EMPTY_BODY = YES;
				CLANG_WARN_ENUM_CONVERSION = YES;
				CLANG_WARN_INFINITE_RECURSION = YES;
				CLANG_WARN_INT_CONVERSION = YES;
				CLANG_WARN_NON_LITERAL_NULL_CONVERSION = YES;
				CLANG_WARN_OBJC_IMPLICIT_RETAIN_SELF = YES;
				CLANG_WARN_OBJC_LITERAL_CONVERSION = YES;
				CLANG_WARN_OBJC_ROOT_CLASS = YES_ERROR;
				CLANG_WARN_QUOTED_INCLUDE_IN_FRAMEWORK_HEADER = YES;
				CLANG_WARN_RANGE_LOOP_ANALYSIS = YES;
				CLANG_WARN_STRICT_PROTOTYPES = YES;
				CLANG_WARN_SUSPICIOUS_MOVE = YES;
				CLANG_WARN_UNGUARDED_AVAILABILITY = YES_AGGRESSIVE;
				CLANG_WARN_UNREACHABLE_CODE = YES;
				CLANG_WARN__DUPLICATE_METHOD_MATCH = YES;
				COPY_PHASE_STRIP = NO;
				CURRENT_PROJECT_VERSION = 1;
				DEBUG_INFORMATION_FORMAT = dwarf;
				DEVELOPMENT_TEAM = 7LWX39YY5Y;
				ENABLE_STRICT_OBJC_MSGSEND = YES;
				ENABLE_TESTABILITY = YES;
				ENABLE_USER_SCRIPT_SANDBOXING = YES;
				GCC_C_LANGUAGE_STANDARD = gnu11;
				GCC_DYNAMIC_NO_PIC = NO;
				GCC_NO_COMMON_BLOCKS = YES;
				GCC_OPTIMIZATION_LEVEL = 0;
				GCC_PREPROCESSOR_DEFINITIONS = (
					"$(inherited)",
					"DEBUG=1",
				);
				GCC_WARN_64_TO_32_BIT_CONVERSION = YES;
				GCC_WARN_ABOUT_RETURN_TYPE = YES_ERROR;
				GCC_WARN_UNDECLARED_SELECTOR = YES;
				GCC_WARN_UNINITIALIZED_AUTOS = YES_AGGRESSIVE;
				GCC_WARN_UNUSED_FUNCTION = YES;
				GCC_WARN_UNUSED_VARIABLE = YES;
				IPHONEOS_DEPLOYMENT_TARGET = 16.0;
				MARKETING_VERSION = 1.0.0;
				MTL_ENABLE_DEBUG_INFO = INCLUDE_SOURCE;
				MTL_FAST_MATH = YES;
				ONLY_ACTIVE_ARCH = YES;
				PRODUCT_BUNDLE_IDENTIFIER = com.p55t.GolfTempoTrainer;
				PRODUCT_NAME = "$(TARGET_NAME)";
				SDKROOT = iphoneos;
				STRING_CATALOG_GENERATE_SYMBOLS = YES;
				SWIFT_ACTIVE_COMPILATION_CONDITIONS = DEBUG;
				SWIFT_OPTIMIZATION_LEVEL = "-Onone";
				SWIFT_VERSION = 5.9;
			};
			name = Debug;
		};
		CEE30DA85D4600CFB8F2E9D0 /* Debug */ = {
			isa = XCBuildConfiguration;
			buildSettings = {
				ASSETCATALOG_COMPILER_APPICON_NAME = AppIcon;
				CODE_SIGN_IDENTITY = "iPhone Developer";
				INFOPLIST_FILE = GolfTempoTrainer/Info.plist;
				LD_RUNPATH_SEARCH_PATHS = (
					"$(inherited)",
					"@executable_path/Frameworks",
				);
				SDKROOT = iphoneos;
				TARGETED_DEVICE_FAMILY = "1,2";
			};
			name = Debug;
		};
/* End XCBuildConfiguration section */

/* Begin XCConfigurationList section */
		6D6E16A9AFC44E88B95DEA4F /* Build configuration list for PBXProject "GolfTempoTrainer" */ = {
			isa = XCConfigurationList;
			buildConfigurations = (
				993EBB41373E49E633EFF796 /* Debug */,
				796A32CE660EAC3B8B69BD9A /* Release */,
			);
			defaultConfigurationIsVisible = 0;
			defaultConfigurationName = Debug;
		};
		FFC641717205DED9EBCF5160 /* Build configuration list for PBXNativeTarget "GolfTempoTrainer" */ = {
			isa = XCConfigurationList;
			buildConfigurations = (
				CEE30DA85D4600CFB8F2E9D0 /* Debug */,
				57A3CAF31F526720827988AF /* Release */,
			);
			defaultConfigurationIsVisible = 0;
			defaultConfigurationName = Debug;
		};
/* End XCConfigurationList section */
	};
	rootObject = 10F7FB59B4D56F21FF23FD50 /* Project object */;
}
